
Microsoft Visual Studio Solution File, Format Version 12.00
# Visual Studio Version 17
VisualStudioVersion = 17.5.002.0
MinimumVisualStudioVersion = 10.0.40219.1
Project("{9A19103F-16F7-4668-BE54-9A1E7A4F7556}") = "Backend", "Backend\Backend.csproj", "{11CC5238-EF5D-4EFF-921E-C72D8EE7A809}"
EndProject
Global
	GlobalSection(SolutionConfigurationPlatforms) = preSolution
		Debug|Any CPU = Debug|Any CPU
		Release|Any CPU = Release|Any CPU
	EndGlobalSection
	GlobalSection(ProjectConfigurationPlatforms) = postSolution
		{11CC5238-EF5D-4EFF-921E-C72D8EE7A809}.Debug|Any CPU.ActiveCfg = Debug|Any CPU
		{11CC5238-EF5D-4EFF-921E-C72D8EE7A809}.Debug|Any CPU.Build.0 = Debug|Any CPU
		{11CC5238-EF5D-4EFF-921E-C72D8EE7A809}.Release|Any CPU.ActiveCfg = Release|Any CPU
		{11CC5238-EF5D-4EFF-921E-C72D8EE7A809}.Release|Any CPU.Build.0 = Release|Any CPU
	EndGlobalSection
	GlobalSection(SolutionProperties) = preSolution
		HideSolutionNode = FALSE
	EndGlobalSection
	GlobalSection(ExtensibilityGlobals) = postSolution
		SolutionGuid = {ECD8C61E-34BB-40D9-B7B7-88C4292D63C5}
	EndGlobalSection
EndGlobal
